
Microsoft Visual Studio Solution File, Format Version 12.00
# Visual Studio 15
VisualStudioVersion = 15.0.27703.2026
MinimumVisualStudioVersion = 10.0.40219.1
Project("{9A19103F-16F7-4668-BE54-9A1E7A4F7556}") = "ProAspDotNetCore", "ProAspDotNetCore\ProAspDotNetCore.csproj", "{59B76E2D-01E5-4721-8EDB-681FEC5BE680}"
EndProject
Project("{9A19103F-16F7-4668-BE54-9A1E7A4F7556}") = "MVCPattern", "MVCPattern\MVCPattern.csproj", "{D505031B-09FC-467D-885F-E323209DA91E}"
EndProject
Project("{9A19103F-16F7-4668-BE54-9A1E7A4F7556}") = "EssentialCSharpFeatures", "EssentialCSharpFeatures\EssentialCSharpFeatures.csproj", "{90E7EBC6-5623-42D5-A964-DF5B44F1EADD}"
EndProject
Project("{9A19103F-16F7-4668-BE54-9A1E7A4F7556}") = "WorkingWithRazor", "WorkingWithRazor\WorkingWithRazor.csproj", "{57E315B3-0D0A-497D-956C-A3CA5420226D}"
EndProject
Project("{9A19103F-16F7-4668-BE54-9A1E7A4F7556}") = "WorkingWithVisualStudio", "WorkingWithVisualStudio\WorkingWithVisualStudio.csproj", "{0D261B27-225A-4F94-A4A4-9E3AE6C06C80}"
EndProject
Project("{9A19103F-16F7-4668-BE54-9A1E7A4F7556}") = "XUnitTest", "XUnitTest\XUnitTest.csproj", "{1FF37F45-A0E5-40E8-BDFE-DF56BD028955}"
EndProject
Project("{9A19103F-16F7-4668-BE54-9A1E7A4F7556}") = "SportsStore", "SportsStore\SportsStore.csproj", "{3F5CE65B-06CF-4BC9-80FA-F86F2393FF71}"
EndProject
Project("{9A19103F-16F7-4668-BE54-9A1E7A4F7556}") = "SportsStore.Tests", "SportsStore.Tests\SportsStore.Tests.csproj", "{661BC57F-1BA3-4069-8417-07DCFA7979C7}"
EndProject
Project("{9A19103F-16F7-4668-BE54-9A1E7A4F7556}") = "ConfigurationApps", "ConfigurationApps\ConfigurationApps.csproj", "{BE04D20D-056D-4449-B6A8-6555F0615FCF}"
EndProject
Project("{9A19103F-16F7-4668-BE54-9A1E7A4F7556}") = "RazorPage", "RazorPage\RazorPage.csproj", "{C84D33C6-D282-4F13-BB67-3ABF4F7FEEC6}"
EndProject
Project("{9A19103F-16F7-4668-BE54-9A1E7A4F7556}") = "Routes", "Routes\Routes.csproj", "{A49C0990-B901-4B6A-8743-B76A80EA58DB}"
EndProject
Project("{FAE04EC0-301F-11D3-BF4B-00C04F79EFBC}") = "Controllers", "Controllers\Controllers.csproj", "{2866F703-51CC-435F-AE1E-F194ADBB818C}"
EndProject
Global
	GlobalSection(SolutionConfigurationPlatforms) = preSolution
		Debug|Any CPU = Debug|Any CPU
		Release|Any CPU = Release|Any CPU
	EndGlobalSection
	GlobalSection(ProjectConfigurationPlatforms) = postSolution
		{59B76E2D-01E5-4721-8EDB-681FEC5BE680}.Debug|Any CPU.ActiveCfg = Debug|Any CPU
		{59B76E2D-01E5-4721-8EDB-681FEC5BE680}.Debug|Any CPU.Build.0 = Debug|Any CPU
		{59B76E2D-01E5-4721-8EDB-681FEC5BE680}.Release|Any CPU.ActiveCfg = Release|Any CPU
		{59B76E2D-01E5-4721-8EDB-681FEC5BE680}.Release|Any CPU.Build.0 = Release|Any CPU
		{D505031B-09FC-467D-885F-E323209DA91E}.Debug|Any CPU.ActiveCfg = Debug|Any CPU
		{D505031B-09FC-467D-885F-E323209DA91E}.Debug|Any CPU.Build.0 = Debug|Any CPU
		{D505031B-09FC-467D-885F-E323209DA91E}.Release|Any CPU.ActiveCfg = Release|Any CPU
		{D505031B-09FC-467D-885F-E323209DA91E}.Release|Any CPU.Build.0 = Release|Any CPU
		{90E7EBC6-5623-42D5-A964-DF5B44F1EADD}.Debug|Any CPU.ActiveCfg = Debug|Any CPU
		{90E7EBC6-5623-42D5-A964-DF5B44F1EADD}.Debug|Any CPU.Build.0 = Debug|Any CPU
		{90E7EBC6-5623-42D5-A964-DF5B44F1EADD}.Release|Any CPU.ActiveCfg = Release|Any CPU
		{90E7EBC6-5623-42D5-A964-DF5B44F1EADD}.Release|Any CPU.Build.0 = Release|Any CPU
		{57E315B3-0D0A-497D-956C-A3CA5420226D}.Debug|Any CPU.ActiveCfg = Debug|Any CPU
		{57E315B3-0D0A-497D-956C-A3CA5420226D}.Debug|Any CPU.Build.0 = Debug|Any CPU
		{57E315B3-0D0A-497D-956C-A3CA5420226D}.Release|Any CPU.ActiveCfg = Release|Any CPU
		{57E315B3-0D0A-497D-956C-A3CA5420226D}.Release|Any CPU.Build.0 = Release|Any CPU
		{0D261B27-225A-4F94-A4A4-9E3AE6C06C80}.Debug|Any CPU.ActiveCfg = Debug|Any CPU
		{0D261B27-225A-4F94-A4A4-9E3AE6C06C80}.Debug|Any CPU.Build.0 = Debug|Any CPU
		{0D261B27-225A-4F94-A4A4-9E3AE6C06C80}.Release|Any CPU.ActiveCfg = Release|Any CPU
		{0D261B27-225A-4F94-A4A4-9E3AE6C06C80}.Release|Any CPU.Build.0 = Release|Any CPU
		{1FF37F45-A0E5-40E8-BDFE-DF56BD028955}.Debug|Any CPU.ActiveCfg = Debug|Any CPU
		{1FF37F45-A0E5-40E8-BDFE-DF56BD028955}.Debug|Any CPU.Build.0 = Debug|Any CPU
		{1FF37F45-A0E5-40E8-BDFE-DF56BD028955}.Release|Any CPU.ActiveCfg = Release|Any CPU
		{1FF37F45-A0E5-40E8-BDFE-DF56BD028955}.Release|Any CPU.Build.0 = Release|Any CPU
		{3F5CE65B-06CF-4BC9-80FA-F86F2393FF71}.Debug|Any CPU.ActiveCfg = Debug|Any CPU
		{3F5CE65B-06CF-4BC9-80FA-F86F2393FF71}.Debug|Any CPU.Build.0 = Debug|Any CPU
		{3F5CE65B-06CF-4BC9-80FA-F86F2393FF71}.Release|Any CPU.ActiveCfg = Release|Any CPU
		{3F5CE65B-06CF-4BC9-80FA-F86F2393FF71}.Release|Any CPU.Build.0 = Release|Any CPU
		{661BC57F-1BA3-4069-8417-07DCFA7979C7}.Debug|Any CPU.ActiveCfg = Debug|Any CPU
		{661BC57F-1BA3-4069-8417-07DCFA7979C7}.Debug|Any CPU.Build.0 = Debug|Any CPU
		{661BC57F-1BA3-4069-8417-07DCFA7979C7}.Release|Any CPU.ActiveCfg = Release|Any CPU
		{661BC57F-1BA3-4069-8417-07DCFA7979C7}.Release|Any CPU.Build.0 = Release|Any CPU
		{BE04D20D-056D-4449-B6A8-6555F0615FCF}.Debug|Any CPU.ActiveCfg = Debug|Any CPU
		{BE04D20D-056D-4449-B6A8-6555F0615FCF}.Debug|Any CPU.Build.0 = Debug|Any CPU
		{BE04D20D-056D-4449-B6A8-6555F0615FCF}.Release|Any CPU.ActiveCfg = Release|Any CPU
		{BE04D20D-056D-4449-B6A8-6555F0615FCF}.Release|Any CPU.Build.0 = Release|Any CPU
		{C84D33C6-D282-4F13-BB67-3ABF4F7FEEC6}.Debug|Any CPU.ActiveCfg = Debug|Any CPU
		{C84D33C6-D282-4F13-BB67-3ABF4F7FEEC6}.Debug|Any CPU.Build.0 = Debug|Any CPU
		{C84D33C6-D282-4F13-BB67-3ABF4F7FEEC6}.Release|Any CPU.ActiveCfg = Release|Any CPU
		{C84D33C6-D282-4F13-BB67-3ABF4F7FEEC6}.Release|Any CPU.Build.0 = Release|Any CPU
		{A49C0990-B901-4B6A-8743-B76A80EA58DB}.Debug|Any CPU.ActiveCfg = Debug|Any CPU
		{A49C0990-B901-4B6A-8743-B76A80EA58DB}.Debug|Any CPU.Build.0 = Debug|Any CPU
		{A49C0990-B901-4B6A-8743-B76A80EA58DB}.Release|Any CPU.ActiveCfg = Release|Any CPU
		{A49C0990-B901-4B6A-8743-B76A80EA58DB}.Release|Any CPU.Build.0 = Release|Any CPU
		{2866F703-51CC-435F-AE1E-F194ADBB818C}.Debug|Any CPU.ActiveCfg = Debug|Any CPU
		{2866F703-51CC-435F-AE1E-F194ADBB818C}.Debug|Any CPU.Build.0 = Debug|Any CPU
		{2866F703-51CC-435F-AE1E-F194ADBB818C}.Release|Any CPU.ActiveCfg = Release|Any CPU
		{2866F703-51CC-435F-AE1E-F194ADBB818C}.Release|Any CPU.Build.0 = Release|Any CPU
	EndGlobalSection
	GlobalSection(SolutionProperties) = preSolution
		HideSolutionNode = FALSE
	EndGlobalSection
	GlobalSection(ExtensibilityGlobals) = postSolution
		SolutionGuid = {9160DC5E-6E78-447A-AF4D-E268F83810FF}
	EndGlobalSection
EndGlobal
